
Microsoft Visual Studio Solution File, Format Version 12.00
# Visual Studio 2013
VisualStudioVersion = 12.0.21005.1
MinimumVisualStudioVersion = 10.0.40219.1
Project("{8BC9CEB8-8B4A-11D0-8D11-00A0C91BC942}") = "Bag", "TemplateExample00\TemplateExample00.vcxproj", "{B4CD3D28-4C7E-4C62-B751-242D76E8BECE}"
EndProject
Project("{8BC9CEB8-8B4A-11D0-8D11-00A0C91BC942}") = "Stack", "Stack\Stack.vcxproj", "{6496CEF0-FB9E-478D-87AE-7B096C66B40A}"
EndProject
Project("{8BC9CEB8-8B4A-11D0-8D11-00A0C91BC942}") = "SparseMatrix", "SparseMatrix\SparseMatrix.vcxproj", "{4E7DA873-CA30-45B1-9B3F-755ACCF41A9A}"
EndProject
Project("{8BC9CEB8-8B4A-11D0-8D11-00A0C91BC942}") = "Recursive", "Recursive\Recursive.vcxproj", "{043D43C6-E0C4-4368-B3F2-3F0568EBABE6}"
EndProject
Project("{8BC9CEB8-8B4A-11D0-8D11-00A0C91BC942}") = "quiz02.c", "quiz02.c\quiz02.c.vcxproj", "{F45BE7EF-78FA-4BB7-90B7-6EEC2F7339AC}"
EndProject
Project("{8BC9CEB8-8B4A-11D0-8D11-00A0C91BC942}") = "Quiz02", "Quiz02\Quiz02.vcxproj", "{E69B30BB-5AC9-4DB4-BCED-A0759CFD756E}"
EndProject
Project("{8BC9CEB8-8B4A-11D0-8D11-00A0C91BC942}") = "Quiz01'", "Quiz01'\Quiz01'.vcxproj", "{8DB19432-832B-4B62-A284-4844E1E3CCF7}"
EndProject
Project("{8BC9CEB8-8B4A-11D0-8D11-00A0C91BC942}") = "quiz00", "quiz00\quiz01.vcxproj", "{D5641875-3A64-4A46-AABC-8496F4E3E8E6}"
EndProject
Project("{8BC9CEB8-8B4A-11D0-8D11-00A0C91BC942}") = "EX2_3Polynomial", "EX2_3Polynomial\EX2_3Polynomial.vcxproj", "{858B1892-9FEE-47CF-B32C-67D6003D724E}"
EndProject
Project("{8BC9CEB8-8B4A-11D0-8D11-00A0C91BC942}") = "BinarySearch", "BinarySearch\BinarySearch.vcxproj", "{CDA2C2C3-C07D-4614-95E7-6C7F71E2ACEA}"
EndProject
Project("{8BC9CEB8-8B4A-11D0-8D11-00A0C91BC942}") = "ArrayExample09", "ArrayExample09\ArrayExample09.vcxproj", "{C6F192DC-07BF-4F25-8DF7-7E417B2577AE}"
EndProject
Project("{8BC9CEB8-8B4A-11D0-8D11-00A0C91BC942}") = "150327Quiz03", "150327Quiz03\150327Quiz03.vcxproj", "{66ACA9D8-30EA-42BF-8498-74C7F3E072BB}"
EndProject
Project("{8BC9CEB8-8B4A-11D0-8D11-00A0C91BC942}") = "150327Quiz02", "150327Quiz02\150327Quiz02.vcxproj", "{1EDDC1E4-837C-4B20-A933-2340EC8D8006}"
EndProject
Project("{8BC9CEB8-8B4A-11D0-8D11-00A0C91BC942}") = "150327Quiz01", "150327Quiz01\150327Quiz01.vcxproj", "{31EE9060-4A4B-4DC2-8498-06280B328300}"
EndProject
Project("{8BC9CEB8-8B4A-11D0-8D11-00A0C91BC942}") = "150320Quiz", "150320Quiz\150320Quiz.vcxproj", "{DFECD51E-3559-4769-90F5-5FC1ED255D90}"
EndProject
Project("{8BC9CEB8-8B4A-11D0-8D11-00A0C91BC942}") = "150313Quiz", "150313Quiz\150313Quiz.vcxproj", "{63CB08E6-1CBA-4789-A5CA-A27744F8EC45}"
EndProject
Project("{8BC9CEB8-8B4A-11D0-8D11-00A0C91BC942}") = "Queue", "Queue\Queue.vcxproj", "{E153B0A5-DF77-4BBF-BC87-0112B2F7AC4A}"
EndProject
Project("{8BC9CEB8-8B4A-11D0-8D11-00A0C91BC942}") = "150410Quiz", "1150410Quiz\1150410Quiz.vcxproj", "{29593762-BDCD-40C1-8A85-75011E23134B}"
EndProject
Project("{8BC9CEB8-8B4A-11D0-8D11-00A0C91BC942}") = "Maze", "Maze\Maze.vcxproj", "{B4870FDC-0BC5-40AD-9C2E-19B25AE27D2B}"
EndProject
Project("{8BC9CEB8-8B4A-11D0-8D11-00A0C91BC942}") = "ThreeLetterNode", "ThreeLetterNode\ThreeLetterNode.vcxproj", "{84319E4C-4321-4198-8C47-72F025C53408}"
EndProject
Project("{8BC9CEB8-8B4A-11D0-8D11-00A0C91BC942}") = "StackLinkedList", "StackLinkedList\StackLinkedList.vcxproj", "{25920A35-89AC-4198-AD85-D93E84D21D91}"
EndProject
Project("{8BC9CEB8-8B4A-11D0-8D11-00A0C91BC942}") = "QueueLinkedList", "QueueLinkedList\QueueLinkedList.vcxproj", "{BEDD1D35-F6C6-4A91-A6A3-9F18F5FCD96E}"
EndProject
Project("{8BC9CEB8-8B4A-11D0-8D11-00A0C91BC942}") = "ArrayExample08", "ArrayExample08\ArrayExample08.vcxproj", "{BC0D2F88-B807-4408-9852-CCD0F7555C17}"
EndProject
Project("{8BC9CEB8-8B4A-11D0-8D11-00A0C91BC942}") = "ArrayExample07", "ArrayExample07\ArrayExample07.vcxproj", "{82D71A61-9189-428A-8A3E-3E31D3B5D33D}"
EndProject
Project("{8BC9CEB8-8B4A-11D0-8D11-00A0C91BC942}") = "DoublyLinkedList(head,tail)", "DoublyLinkedList\DoublyLinkedList.vcxproj", "{F608E62D-B421-4C94-A002-972BC75B5627}"
EndProject
Project("{8BC9CEB8-8B4A-11D0-8D11-00A0C91BC942}") = "SinglyLinkedList", "SinglyLinkedList\SinglyLinkedList.vcxproj", "{17193E46-3EF1-412A-98CA-5DF02D17BEA8}"
EndProject
Project("{8BC9CEB8-8B4A-11D0-8D11-00A0C91BC942}") = "CircularDoublyLinkedList", "CircularDoublyLinkedList\CircularDoublyLinkedList.vcxproj", "{1A43EF14-760B-42CA-87CC-03C564130AF6}"
EndProject
Project("{8BC9CEB8-8B4A-11D0-8D11-00A0C91BC942}") = "DoublyLinkedList(head)", "DoublyLinkedList(head)\DoublyLinkedList(head.vcxproj", "{BB190BDA-119A-4FDD-B095-6298D06CE14F}"
EndProject
Project("{8BC9CEB8-8B4A-11D0-8D11-00A0C91BC942}") = "CircularSinglyLinkedList", "CircularSinglyLinkedList\CircularSinglyLinkedList.vcxproj", "{8AE9829E-8021-4969-AD18-219CDB558CFA}"
EndProject
Project("{2150E333-8FDC-42A3-9474-1A3956D46DE8}") = "c", "c", "{1B93C6E4-C4A9-4415-BD4E-2C15F2DBEF74}"
EndProject
Project("{2150E333-8FDC-42A3-9474-1A3956D46DE8}") = "c++", "c++", "{F3458251-F22C-4547-8218-3F5885755FD3}"
EndProject
Project("{8BC9CEB8-8B4A-11D0-8D11-00A0C91BC942}") = "BinaryTreeCpp", "BinaryTreeCpp\BinaryTreeCpp.vcxproj", "{F269D34D-234E-4ABA-B69C-DA77599E2797}"
EndProject
Project("{8BC9CEB8-8B4A-11D0-8D11-00A0C91BC942}") = "BinaryTree0", "BinaryTree00\BinaryTree00.vcxproj", "{D84C553F-BC8D-45FF-B55F-56604D3F26E1}"
EndProject
Project("{8BC9CEB8-8B4A-11D0-8D11-00A0C91BC942}") = "BinarySearchTree", "BinarySearchTree\BinarySearchTree.vcxproj", "{C47BAF79-39B8-4AFA-9E53-EB501626A996}"
EndProject
Project("{8BC9CEB8-8B4A-11D0-8D11-00A0C91BC942}") = "SelectionTree", "SelectionTree\SelectionTree.vcxproj", "{9ED46309-918B-4715-AE3E-05C733456E8B}"
EndProject
Project("{8BC9CEB8-8B4A-11D0-8D11-00A0C91BC942}") = "ThreadBinaryTree", "ThreadBinaryTree\ThreadBinaryTree.vcxproj", "{E8971169-0AD1-4DB3-BB29-1AC2119D4526}"
EndProject
Project("{8BC9CEB8-8B4A-11D0-8D11-00A0C91BC942}") = "Minnimum_Cost_Spanning_Tree", "Minnimum_Cost_Spanning_Tree\Minnimum_Cost_Spanning_Tree.vcxproj", "{4B3C0D5E-3C9E-4EDF-8F86-5F93B37A3957}"
EndProject
Global
	GlobalSection(SolutionConfigurationPlatforms) = preSolution
		Debug|Any CPU = Debug|Any CPU
		Debug|Mixed Platforms = Debug|Mixed Platforms
		Debug|Win32 = Debug|Win32
		Release|Any CPU = Release|Any CPU
		Release|Mixed Platforms = Release|Mixed Platforms
		Release|Win32 = Release|Win32
	EndGlobalSection
	GlobalSection(ProjectConfigurationPlatforms) = postSolution
		{B4CD3D28-4C7E-4C62-B751-242D76E8BECE}.Debug|Any CPU.ActiveCfg = Debug|Win32
		{B4CD3D28-4C7E-4C62-B751-242D76E8BECE}.Debug|Mixed Platforms.ActiveCfg = Debug|Win32
		{B4CD3D28-4C7E-4C62-B751-242D76E8BECE}.Debug|Mixed Platforms.Build.0 = Debug|Win32
		{B4CD3D28-4C7E-4C62-B751-242D76E8BECE}.Debug|Win32.ActiveCfg = Debug|Win32
		{B4CD3D28-4C7E-4C62-B751-242D76E8BECE}.Debug|Win32.Build.0 = Debug|Win32
		{B4CD3D28-4C7E-4C62-B751-242D76E8BECE}.Release|Any CPU.ActiveCfg = Release|Win32
		{B4CD3D28-4C7E-4C62-B751-242D76E8BECE}.Release|Mixed Platforms.ActiveCfg = Release|Win32
		{B4CD3D28-4C7E-4C62-B751-242D76E8BECE}.Release|Mixed Platforms.Build.0 = Release|Win32
		{B4CD3D28-4C7E-4C62-B751-242D76E8BECE}.Release|Win32.ActiveCfg = Release|Win32
		{B4CD3D28-4C7E-4C62-B751-242D76E8BECE}.Release|Win32.Build.0 = Release|Win32
		{6496CEF0-FB9E-478D-87AE-7B096C66B40A}.Debug|Any CPU.ActiveCfg = Debug|Win32
		{6496CEF0-FB9E-478D-87AE-7B096C66B40A}.Debug|Mixed Platforms.ActiveCfg = Debug|Win32
		{6496CEF0-FB9E-478D-87AE-7B096C66B40A}.Debug|Mixed Platforms.Build.0 = Debug|Win32
		{6496CEF0-FB9E-478D-87AE-7B096C66B40A}.Debug|Win32.ActiveCfg = Debug|Win32
		{6496CEF0-FB9E-478D-87AE-7B096C66B40A}.Debug|Win32.Build.0 = Debug|Win32
		{6496CEF0-FB9E-478D-87AE-7B096C66B40A}.Release|Any CPU.ActiveCfg = Release|Win32
		{6496CEF0-FB9E-478D-87AE-7B096C66B40A}.Release|Mixed Platforms.ActiveCfg = Release|Win32
		{6496CEF0-FB9E-478D-87AE-7B096C66B40A}.Release|Mixed Platforms.Build.0 = Release|Win32
		{6496CEF0-FB9E-478D-87AE-7B096C66B40A}.Release|Win32.ActiveCfg = Release|Win32
		{6496CEF0-FB9E-478D-87AE-7B096C66B40A}.Release|Win32.Build.0 = Release|Win32
		{4E7DA873-CA30-45B1-9B3F-755ACCF41A9A}.Debug|Any CPU.ActiveCfg = Debug|Win32
		{4E7DA873-CA30-45B1-9B3F-755ACCF41A9A}.Debug|Mixed Platforms.ActiveCfg = Debug|Win32
		{4E7DA873-CA30-45B1-9B3F-755ACCF41A9A}.Debug|Mixed Platforms.Build.0 = Debug|Win32
		{4E7DA873-CA30-45B1-9B3F-755ACCF41A9A}.Debug|Win32.ActiveCfg = Debug|Win32
		{4E7DA873-CA30-45B1-9B3F-755ACCF41A9A}.Debug|Win32.Build.0 = Debug|Win32
		{4E7DA873-CA30-45B1-9B3F-755ACCF41A9A}.Release|Any CPU.ActiveCfg = Release|Win32
		{4E7DA873-CA30-45B1-9B3F-755ACCF41A9A}.Release|Mixed Platforms.ActiveCfg = Release|Win32
		{4E7DA873-CA30-45B1-9B3F-755ACCF41A9A}.Release|Mixed Platforms.Build.0 = Release|Win32
		{4E7DA873-CA30-45B1-9B3F-755ACCF41A9A}.Release|Win32.ActiveCfg = Release|Win32
		{4E7DA873-CA30-45B1-9B3F-755ACCF41A9A}.Release|Win32.Build.0 = Release|Win32
		{043D43C6-E0C4-4368-B3F2-3F0568EBABE6}.Debug|Any CPU.ActiveCfg = Debug|Win32
		{043D43C6-E0C4-4368-B3F2-3F0568EBABE6}.Debug|Mixed Platforms.ActiveCfg = Debug|Win32
		{043D43C6-E0C4-4368-B3F2-3F0568EBABE6}.Debug|Mixed Platforms.Build.0 = Debug|Win32
		{043D43C6-E0C4-4368-B3F2-3F0568EBABE6}.Debug|Win32.ActiveCfg = Debug|Win32
		{043D43C6-E0C4-4368-B3F2-3F0568EBABE6}.Debug|Win32.Build.0 = Debug|Win32
		{043D43C6-E0C4-4368-B3F2-3F0568EBABE6}.Release|Any CPU.ActiveCfg = Release|Win32
		{043D43C6-E0C4-4368-B3F2-3F0568EBABE6}.Release|Mixed Platforms.ActiveCfg = Release|Win32
		{043D43C6-E0C4-4368-B3F2-3F0568EBABE6}.Release|Mixed Platforms.Build.0 = Release|Win32
		{043D43C6-E0C4-4368-B3F2-3F0568EBABE6}.Release|Win32.ActiveCfg = Release|Win32
		{043D43C6-E0C4-4368-B3F2-3F0568EBABE6}.Release|Win32.Build.0 = Release|Win32
		{F45BE7EF-78FA-4BB7-90B7-6EEC2F7339AC}.Debug|Any CPU.ActiveCfg = Debug|Win32
		{F45BE7EF-78FA-4BB7-90B7-6EEC2F7339AC}.Debug|Mixed Platforms.ActiveCfg = Debug|Win32
		{F45BE7EF-78FA-4BB7-90B7-6EEC2F7339AC}.Debug|Mixed Platforms.Build.0 = Debug|Win32
		{F45BE7EF-78FA-4BB7-90B7-6EEC2F7339AC}.Debug|Win32.ActiveCfg = Debug|Win32
		{F45BE7EF-78FA-4BB7-90B7-6EEC2F7339AC}.Debug|Win32.Build.0 = Debug|Win32
		{F45BE7EF-78FA-4BB7-90B7-6EEC2F7339AC}.Release|Any CPU.ActiveCfg = Release|Win32
		{F45BE7EF-78FA-4BB7-90B7-6EEC2F7339AC}.Release|Mixed Platforms.ActiveCfg = Release|Win32
		{F45BE7EF-78FA-4BB7-90B7-6EEC2F7339AC}.Release|Mixed Platforms.Build.0 = Release|Win32
		{F45BE7EF-78FA-4BB7-90B7-6EEC2F7339AC}.Release|Win32.ActiveCfg = Release|Win32
		{F45BE7EF-78FA-4BB7-90B7-6EEC2F7339AC}.Release|Win32.Build.0 = Release|Win32
		{E69B30BB-5AC9-4DB4-BCED-A0759CFD756E}.Debug|Any CPU.ActiveCfg = Debug|Win32
		{E69B30BB-5AC9-4DB4-BCED-A0759CFD756E}.Debug|Mixed Platforms.ActiveCfg = Debug|Win32
		{E69B30BB-5AC9-4DB4-BCED-A0759CFD756E}.Debug|Mixed Platforms.Build.0 = Debug|Win32
		{E69B30BB-5AC9-4DB4-BCED-A0759CFD756E}.Debug|Win32.ActiveCfg = Debug|Win32
		{E69B30BB-5AC9-4DB4-BCED-A0759CFD756E}.Debug|Win32.Build.0 = Debug|Win32
		{E69B30BB-5AC9-4DB4-BCED-A0759CFD756E}.Release|Any CPU.ActiveCfg = Release|Win32
		{E69B30BB-5AC9-4DB4-BCED-A0759CFD756E}.Release|Mixed Platforms.ActiveCfg = Release|Win32
		{E69B30BB-5AC9-4DB4-BCED-A0759CFD756E}.Release|Mixed Platforms.Build.0 = Release|Win32
		{E69B30BB-5AC9-4DB4-BCED-A0759CFD756E}.Release|Win32.ActiveCfg = Release|Win32
		{E69B30BB-5AC9-4DB4-BCED-A0759CFD756E}.Release|Win32.Build.0 = Release|Win32
		{8DB19432-832B-4B62-A284-4844E1E3CCF7}.Debug|Any CPU.ActiveCfg = Debug|Win32
		{8DB19432-832B-4B62-A284-4844E1E3CCF7}.Debug|Mixed Platforms.ActiveCfg = Debug|Win32
		{8DB19432-832B-4B62-A284-4844E1E3CCF7}.Debug|Mixed Platforms.Build.0 = Debug|Win32
		{8DB19432-832B-4B62-A284-4844E1E3CCF7}.Debug|Win32.ActiveCfg = Debug|Win32
		{8DB19432-832B-4B62-A284-4844E1E3CCF7}.Debug|Win32.Build.0 = Debug|Win32
		{8DB19432-832B-4B62-A284-4844E1E3CCF7}.Release|Any CPU.ActiveCfg = Release|Win32
		{8DB19432-832B-4B62-A284-4844E1E3CCF7}.Release|Mixed Platforms.ActiveCfg = Release|Win32
		{8DB19432-832B-4B62-A284-4844E1E3CCF7}.Release|Mixed Platforms.Build.0 = Release|Win32
		{8DB19432-832B-4B62-A284-4844E1E3CCF7}.Release|Win32.ActiveCfg = Release|Win32
		{8DB19432-832B-4B62-A284-4844E1E3CCF7}.Release|Win32.Build.0 = Release|Win32
		{D5641875-3A64-4A46-AABC-8496F4E3E8E6}.Debug|Any CPU.ActiveCfg = Debug|Win32
		{D5641875-3A64-4A46-AABC-8496F4E3E8E6}.Debug|Mixed Platforms.ActiveCfg = Debug|Win32
		{D5641875-3A64-4A46-AABC-8496F4E3E8E6}.Debug|Mixed Platforms.Build.0 = Debug|Win32
		{D5641875-3A64-4A46-AABC-8496F4E3E8E6}.Debug|Win32.ActiveCfg = Debug|Win32
		{D5641875-3A64-4A46-AABC-8496F4E3E8E6}.Debug|Win32.Build.0 = Debug|Win32
		{D5641875-3A64-4A46-AABC-8496F4E3E8E6}.Release|Any CPU.ActiveCfg = Release|Win32
		{D5641875-3A64-4A46-AABC-8496F4E3E8E6}.Release|Mixed Platforms.ActiveCfg = Release|Win32
		{D5641875-3A64-4A46-AABC-8496F4E3E8E6}.Release|Mixed Platforms.Build.0 = Release|Win32
		{D5641875-3A64-4A46-AABC-8496F4E3E8E6}.Release|Win32.ActiveCfg = Release|Win32
		{D5641875-3A64-4A46-AABC-8496F4E3E8E6}.Release|Win32.Build.0 = Release|Win32
		{858B1892-9FEE-47CF-B32C-67D6003D724E}.Debug|Any CPU.ActiveCfg = Debug|Win32
		{858B1892-9FEE-47CF-B32C-67D6003D724E}.Debug|Mixed Platforms.ActiveCfg = Debug|Win32
		{858B1892-9FEE-47CF-B32C-67D6003D724E}.Debug|Mixed Platforms.Build.0 = Debug|Win32
		{858B1892-9FEE-47CF-B32C-67D6003D724E}.Debug|Win32.ActiveCfg = Debug|Win32
		{858B1892-9FEE-47CF-B32C-67D6003D724E}.Debug|Win32.Build.0 = Debug|Win32
		{858B1892-9FEE-47CF-B32C-67D6003D724E}.Release|Any CPU.ActiveCfg = Release|Win32
		{858B1892-9FEE-47CF-B32C-67D6003D724E}.Release|Mixed Platforms.ActiveCfg = Release|Win32
		{858B1892-9FEE-47CF-B32C-67D6003D724E}.Release|Mixed Platforms.Build.0 = Release|Win32
		{858B1892-9FEE-47CF-B32C-67D6003D724E}.Release|Win32.ActiveCfg = Release|Win32
		{858B1892-9FEE-47CF-B32C-67D6003D724E}.Release|Win32.Build.0 = Release|Win32
		{CDA2C2C3-C07D-4614-95E7-6C7F71E2ACEA}.Debug|Any CPU.ActiveCfg = Debug|Win32
		{CDA2C2C3-C07D-4614-95E7-6C7F71E2ACEA}.Debug|Mixed Platforms.ActiveCfg = Debug|Win32
		{CDA2C2C3-C07D-4614-95E7-6C7F71E2ACEA}.Debug|Mixed Platforms.Build.0 = Debug|Win32
		{CDA2C2C3-C07D-4614-95E7-6C7F71E2ACEA}.Debug|Win32.ActiveCfg = Debug|Win32
		{CDA2C2C3-C07D-4614-95E7-6C7F71E2ACEA}.Debug|Win32.Build.0 = Debug|Win32
		{CDA2C2C3-C07D-4614-95E7-6C7F71E2ACEA}.Release|Any CPU.ActiveCfg = Release|Win32
		{CDA2C2C3-C07D-4614-95E7-6C7F71E2ACEA}.Release|Mixed Platforms.ActiveCfg = Release|Win32
		{CDA2C2C3-C07D-4614-95E7-6C7F71E2ACEA}.Release|Mixed Platforms.Build.0 = Release|Win32
		{CDA2C2C3-C07D-4614-95E7-6C7F71E2ACEA}.Release|Win32.ActiveCfg = Release|Win32
		{CDA2C2C3-C07D-4614-95E7-6C7F71E2ACEA}.Release|Win32.Build.0 = Release|Win32
		{C6F192DC-07BF-4F25-8DF7-7E417B2577AE}.Debug|Any CPU.ActiveCfg = Debug|Win32
		{C6F192DC-07BF-4F25-8DF7-7E417B2577AE}.Debug|Mixed Platforms.ActiveCfg = Debug|Win32
		{C6F192DC-07BF-4F25-8DF7-7E417B2577AE}.Debug|Mixed Platforms.Build.0 = Debug|Win32
		{C6F192DC-07BF-4F25-8DF7-7E417B2577AE}.Debug|Win32.ActiveCfg = Debug|Win32
		{C6F192DC-07BF-4F25-8DF7-7E417B2577AE}.Debug|Win32.Build.0 = Debug|Win32
		{C6F192DC-07BF-4F25-8DF7-7E417B2577AE}.Release|Any CPU.ActiveCfg = Release|Win32
		{C6F192DC-07BF-4F25-8DF7-7E417B2577AE}.Release|Mixed Platforms.ActiveCfg = Release|Win32
		{C6F192DC-07BF-4F25-8DF7-7E417B2577AE}.Release|Mixed Platforms.Build.0 = Release|Win32
		{C6F192DC-07BF-4F25-8DF7-7E417B2577AE}.Release|Win32.ActiveCfg = Release|Win32
		{C6F192DC-07BF-4F25-8DF7-7E417B2577AE}.Release|Win32.Build.0 = Release|Win32
		{66ACA9D8-30EA-42BF-8498-74C7F3E072BB}.Debug|Any CPU.ActiveCfg = Debug|Win32
		{66ACA9D8-30EA-42BF-8498-74C7F3E072BB}.Debug|Mixed Platforms.ActiveCfg = Debug|Win32
		{66ACA9D8-30EA-42BF-8498-74C7F3E072BB}.Debug|Mixed Platforms.Build.0 = Debug|Win32
		{66ACA9D8-30EA-42BF-8498-74C7F3E072BB}.Debug|Win32.ActiveCfg = Debug|Win32
		{66ACA9D8-30EA-42BF-8498-74C7F3E072BB}.Debug|Win32.Build.0 = Debug|Win32
		{66ACA9D8-30EA-42BF-8498-74C7F3E072BB}.Release|Any CPU.ActiveCfg = Release|Win32
		{66ACA9D8-30EA-42BF-8498-74C7F3E072BB}.Release|Mixed Platforms.ActiveCfg = Release|Win32
		{66ACA9D8-30EA-42BF-8498-74C7F3E072BB}.Release|Mixed Platforms.Build.0 = Release|Win32
		{66ACA9D8-30EA-42BF-8498-74C7F3E072BB}.Release|Win32.ActiveCfg = Release|Win32
		{66ACA9D8-30EA-42BF-8498-74C7F3E072BB}.Release|Win32.Build.0 = Release|Win32
		{1EDDC1E4-837C-4B20-A933-2340EC8D8006}.Debug|Any CPU.ActiveCfg = Debug|Win32
		{1EDDC1E4-837C-4B20-A933-2340EC8D8006}.Debug|Mixed Platforms.ActiveCfg = Debug|Win32
		{1EDDC1E4-837C-4B20-A933-2340EC8D8006}.Debug|Mixed Platforms.Build.0 = Debug|Win32
		{1EDDC1E4-837C-4B20-A933-2340EC8D8006}.Debug|Win32.ActiveCfg = Debug|Win32
		{1EDDC1E4-837C-4B20-A933-2340EC8D8006}.Debug|Win32.Build.0 = Debug|Win32
		{1EDDC1E4-837C-4B20-A933-2340EC8D8006}.Release|Any CPU.ActiveCfg = Release|Win32
		{1EDDC1E4-837C-4B20-A933-2340EC8D8006}.Release|Mixed Platforms.ActiveCfg = Release|Win32
		{1EDDC1E4-837C-4B20-A933-2340EC8D8006}.Release|Mixed Platforms.Build.0 = Release|Win32
		{1EDDC1E4-837C-4B20-A933-2340EC8D8006}.Release|Win32.ActiveCfg = Release|Win32
		{1EDDC1E4-837C-4B20-A933-2340EC8D8006}.Release|Win32.Build.0 = Release|Win32
		{31EE9060-4A4B-4DC2-8498-06280B328300}.Debug|Any CPU.ActiveCfg = Debug|Win32
		{31EE9060-4A4B-4DC2-8498-06280B328300}.Debug|Mixed Platforms.ActiveCfg = Debug|Win32
		{31EE9060-4A4B-4DC2-8498-06280B328300}.Debug|Mixed Platforms.Build.0 = Debug|Win32
		{31EE9060-4A4B-4DC2-8498-06280B328300}.Debug|Win32.ActiveCfg = Debug|Win32
		{31EE9060-4A4B-4DC2-8498-06280B328300}.Debug|Win32.Build.0 = Debug|Win32
		{31EE9060-4A4B-4DC2-8498-06280B328300}.Release|Any CPU.ActiveCfg = Release|Win32
		{31EE9060-4A4B-4DC2-8498-06280B328300}.Release|Mixed Platforms.ActiveCfg = Release|Win32
		{31EE9060-4A4B-4DC2-8498-06280B328300}.Release|Mixed Platforms.Build.0 = Release|Win32
		{31EE9060-4A4B-4DC2-8498-06280B328300}.Release|Win32.ActiveCfg = Release|Win32
		{31EE9060-4A4B-4DC2-8498-06280B328300}.Release|Win32.Build.0 = Release|Win32
		{DFECD51E-3559-4769-90F5-5FC1ED255D90}.Debug|Any CPU.ActiveCfg = Debug|Win32
		{DFECD51E-3559-4769-90F5-5FC1ED255D90}.Debug|Mixed Platforms.ActiveCfg = Debug|Win32
		{DFECD51E-3559-4769-90F5-5FC1ED255D90}.Debug|Mixed Platforms.Build.0 = Debug|Win32
		{DFECD51E-3559-4769-90F5-5FC1ED255D90}.Debug|Win32.ActiveCfg = Debug|Win32
		{DFECD51E-3559-4769-90F5-5FC1ED255D90}.Debug|Win32.Build.0 = Debug|Win32
		{DFECD51E-3559-4769-90F5-5FC1ED255D90}.Release|Any CPU.ActiveCfg = Release|Win32
		{DFECD51E-3559-4769-90F5-5FC1ED255D90}.Release|Mixed Platforms.ActiveCfg = Release|Win32
		{DFECD51E-3559-4769-90F5-5FC1ED255D90}.Release|Mixed Platforms.Build.0 = Release|Win32
		{DFECD51E-3559-4769-90F5-5FC1ED255D90}.Release|Win32.ActiveCfg = Release|Win32
		{DFECD51E-3559-4769-90F5-5FC1ED255D90}.Release|Win32.Build.0 = Release|Win32
		{63CB08E6-1CBA-4789-A5CA-A27744F8EC45}.Debug|Any CPU.ActiveCfg = Debug|Win32
		{63CB08E6-1CBA-4789-A5CA-A27744F8EC45}.Debug|Mixed Platforms.ActiveCfg = Debug|Win32
		{63CB08E6-1CBA-4789-A5CA-A27744F8EC45}.Debug|Mixed Platforms.Build.0 = Debug|Win32
		{63CB08E6-1CBA-4789-A5CA-A27744F8EC45}.Debug|Win32.ActiveCfg = Debug|Win32
		{63CB08E6-1CBA-4789-A5CA-A27744F8EC45}.Debug|Win32.Build.0 = Debug|Win32
		{63CB08E6-1CBA-4789-A5CA-A27744F8EC45}.Release|Any CPU.ActiveCfg = Release|Win32
		{63CB08E6-1CBA-4789-A5CA-A27744F8EC45}.Release|Mixed Platforms.ActiveCfg = Release|Win32
		{63CB08E6-1CBA-4789-A5CA-A27744F8EC45}.Release|Mixed Platforms.Build.0 = Release|Win32
		{63CB08E6-1CBA-4789-A5CA-A27744F8EC45}.Release|Win32.ActiveCfg = Release|Win32
		{63CB08E6-1CBA-4789-A5CA-A27744F8EC45}.Release|Win32.Build.0 = Release|Win32
		{E153B0A5-DF77-4BBF-BC87-0112B2F7AC4A}.Debug|Any CPU.ActiveCfg = Debug|Win32
		{E153B0A5-DF77-4BBF-BC87-0112B2F7AC4A}.Debug|Mixed Platforms.ActiveCfg = Debug|Win32
		{E153B0A5-DF77-4BBF-BC87-0112B2F7AC4A}.Debug|Mixed Platforms.Build.0 = Debug|Win32
		{E153B0A5-DF77-4BBF-BC87-0112B2F7AC4A}.Debug|Win32.ActiveCfg = Debug|Win32
		{E153B0A5-DF77-4BBF-BC87-0112B2F7AC4A}.Debug|Win32.Build.0 = Debug|Win32
		{E153B0A5-DF77-4BBF-BC87-0112B2F7AC4A}.Release|Any CPU.ActiveCfg = Release|Win32
		{E153B0A5-DF77-4BBF-BC87-0112B2F7AC4A}.Release|Mixed Platforms.ActiveCfg = Release|Win32
		{E153B0A5-DF77-4BBF-BC87-0112B2F7AC4A}.Release|Mixed Platforms.Build.0 = Release|Win32
		{E153B0A5-DF77-4BBF-BC87-0112B2F7AC4A}.Release|Win32.ActiveCfg = Release|Win32
		{E153B0A5-DF77-4BBF-BC87-0112B2F7AC4A}.Release|Win32.Build.0 = Release|Win32
		{29593762-BDCD-40C1-8A85-75011E23134B}.Debug|Any CPU.ActiveCfg = Debug|Win32
		{29593762-BDCD-40C1-8A85-75011E23134B}.Debug|Mixed Platforms.ActiveCfg = Debug|Win32
		{29593762-BDCD-40C1-8A85-75011E23134B}.Debug|Mixed Platforms.Build.0 = Debug|Win32
		{29593762-BDCD-40C1-8A85-75011E23134B}.Debug|Win32.ActiveCfg = Debug|Win32
		{29593762-BDCD-40C1-8A85-75011E23134B}.Debug|Win32.Build.0 = Debug|Win32
		{29593762-BDCD-40C1-8A85-75011E23134B}.Release|Any CPU.ActiveCfg = Release|Win32
		{29593762-BDCD-40C1-8A85-75011E23134B}.Release|Mixed Platforms.ActiveCfg = Release|Win32
		{29593762-BDCD-40C1-8A85-75011E23134B}.Release|Mixed Platforms.Build.0 = Release|Win32
		{29593762-BDCD-40C1-8A85-75011E23134B}.Release|Win32.ActiveCfg = Release|Win32
		{29593762-BDCD-40C1-8A85-75011E23134B}.Release|Win32.Build.0 = Release|Win32
		{B4870FDC-0BC5-40AD-9C2E-19B25AE27D2B}.Debug|Any CPU.ActiveCfg = Debug|Win32
		{B4870FDC-0BC5-40AD-9C2E-19B25AE27D2B}.Debug|Mixed Platforms.ActiveCfg = Debug|Win32
		{B4870FDC-0BC5-40AD-9C2E-19B25AE27D2B}.Debug|Mixed Platforms.Build.0 = Debug|Win32
		{B4870FDC-0BC5-40AD-9C2E-19B25AE27D2B}.Debug|Win32.ActiveCfg = Debug|Win32
		{B4870FDC-0BC5-40AD-9C2E-19B25AE27D2B}.Debug|Win32.Build.0 = Debug|Win32
		{B4870FDC-0BC5-40AD-9C2E-19B25AE27D2B}.Release|Any CPU.ActiveCfg = Release|Win32
		{B4870FDC-0BC5-40AD-9C2E-19B25AE27D2B}.Release|Mixed Platforms.ActiveCfg = Release|Win32
		{B4870FDC-0BC5-40AD-9C2E-19B25AE27D2B}.Release|Mixed Platforms.Build.0 = Release|Win32
		{B4870FDC-0BC5-40AD-9C2E-19B25AE27D2B}.Release|Win32.ActiveCfg = Release|Win32
		{B4870FDC-0BC5-40AD-9C2E-19B25AE27D2B}.Release|Win32.Build.0 = Release|Win32
		{84319E4C-4321-4198-8C47-72F025C53408}.Debug|Any CPU.ActiveCfg = Debug|Win32
		{84319E4C-4321-4198-8C47-72F025C53408}.Debug|Mixed Platforms.ActiveCfg = Debug|Win32
		{84319E4C-4321-4198-8C47-72F025C53408}.Debug|Mixed Platforms.Build.0 = Debug|Win32
		{84319E4C-4321-4198-8C47-72F025C53408}.Debug|Win32.ActiveCfg = Debug|Win32
		{84319E4C-4321-4198-8C47-72F025C53408}.Debug|Win32.Build.0 = Debug|Win32
		{84319E4C-4321-4198-8C47-72F025C53408}.Release|Any CPU.ActiveCfg = Release|Win32
		{84319E4C-4321-4198-8C47-72F025C53408}.Release|Mixed Platforms.ActiveCfg = Release|Win32
		{84319E4C-4321-4198-8C47-72F025C53408}.Release|Mixed Platforms.Build.0 = Release|Win32
		{84319E4C-4321-4198-8C47-72F025C53408}.Release|Win32.ActiveCfg = Release|Win32
		{84319E4C-4321-4198-8C47-72F025C53408}.Release|Win32.Build.0 = Release|Win32
		{25920A35-89AC-4198-AD85-D93E84D21D91}.Debug|Any CPU.ActiveCfg = Debug|Win32
		{25920A35-89AC-4198-AD85-D93E84D21D91}.Debug|Mixed Platforms.ActiveCfg = Debug|Win32
		{25920A35-89AC-4198-AD85-D93E84D21D91}.Debug|Mixed Platforms.Build.0 = Debug|Win32
		{25920A35-89AC-4198-AD85-D93E84D21D91}.Debug|Win32.ActiveCfg = Debug|Win32
		{25920A35-89AC-4198-AD85-D93E84D21D91}.Debug|Win32.Build.0 = Debug|Win32
		{25920A35-89AC-4198-AD85-D93E84D21D91}.Release|Any CPU.ActiveCfg = Release|Win32
		{25920A35-89AC-4198-AD85-D93E84D21D91}.Release|Mixed Platforms.ActiveCfg = Release|Win32
		{25920A35-89AC-4198-AD85-D93E84D21D91}.Release|Mixed Platforms.Build.0 = Release|Win32
		{25920A35-89AC-4198-AD85-D93E84D21D91}.Release|Win32.ActiveCfg = Release|Win32
		{25920A35-89AC-4198-AD85-D93E84D21D91}.Release|Win32.Build.0 = Release|Win32
		{BEDD1D35-F6C6-4A91-A6A3-9F18F5FCD96E}.Debug|Any CPU.ActiveCfg = Debug|Win32
		{BEDD1D35-F6C6-4A91-A6A3-9F18F5FCD96E}.Debug|Mixed Platforms.ActiveCfg = Debug|Win32
		{BEDD1D35-F6C6-4A91-A6A3-9F18F5FCD96E}.Debug|Mixed Platforms.Build.0 = Debug|Win32
		{BEDD1D35-F6C6-4A91-A6A3-9F18F5FCD96E}.Debug|Win32.ActiveCfg = Debug|Win32
		{BEDD1D35-F6C6-4A91-A6A3-9F18F5FCD96E}.Debug|Win32.Build.0 = Debug|Win32
		{BEDD1D35-F6C6-4A91-A6A3-9F18F5FCD96E}.Release|Any CPU.ActiveCfg = Release|Win32
		{BEDD1D35-F6C6-4A91-A6A3-9F18F5FCD96E}.Release|Mixed Platforms.ActiveCfg = Release|Win32
		{BEDD1D35-F6C6-4A91-A6A3-9F18F5FCD96E}.Release|Mixed Platforms.Build.0 = Release|Win32
		{BEDD1D35-F6C6-4A91-A6A3-9F18F5FCD96E}.Release|Win32.ActiveCfg = Release|Win32
		{BEDD1D35-F6C6-4A91-A6A3-9F18F5FCD96E}.Release|Win32.Build.0 = Release|Win32
		{BC0D2F88-B807-4408-9852-CCD0F7555C17}.Debug|Any CPU.ActiveCfg = Debug|Win32
		{BC0D2F88-B807-4408-9852-CCD0F7555C17}.Debug|Mixed Platforms.ActiveCfg = Debug|Win32
		{BC0D2F88-B807-4408-9852-CCD0F7555C17}.Debug|Mixed Platforms.Build.0 = Debug|Win32
		{BC0D2F88-B807-4408-9852-CCD0F7555C17}.Debug|Win32.ActiveCfg = Debug|Win32
		{BC0D2F88-B807-4408-9852-CCD0F7555C17}.Debug|Win32.Build.0 = Debug|Win32
		{BC0D2F88-B807-4408-9852-CCD0F7555C17}.Release|Any CPU.ActiveCfg = Release|Win32
		{BC0D2F88-B807-4408-9852-CCD0F7555C17}.Release|Mixed Platforms.ActiveCfg = Release|Win32
		{BC0D2F88-B807-4408-9852-CCD0F7555C17}.Release|Mixed Platforms.Build.0 = Release|Win32
		{BC0D2F88-B807-4408-9852-CCD0F7555C17}.Release|Win32.ActiveCfg = Release|Win32
		{BC0D2F88-B807-4408-9852-CCD0F7555C17}.Release|Win32.Build.0 = Release|Win32
		{82D71A61-9189-428A-8A3E-3E31D3B5D33D}.Debug|Any CPU.ActiveCfg = Debug|Win32
		{82D71A61-9189-428A-8A3E-3E31D3B5D33D}.Debug|Mixed Platforms.ActiveCfg = Debug|Win32
		{82D71A61-9189-428A-8A3E-3E31D3B5D33D}.Debug|Mixed Platforms.Build.0 = Debug|Win32
		{82D71A61-9189-428A-8A3E-3E31D3B5D33D}.Debug|Win32.ActiveCfg = Debug|Win32
		{82D71A61-9189-428A-8A3E-3E31D3B5D33D}.Debug|Win32.Build.0 = Debug|Win32
		{82D71A61-9189-428A-8A3E-3E31D3B5D33D}.Release|Any CPU.ActiveCfg = Release|Win32
		{82D71A61-9189-428A-8A3E-3E31D3B5D33D}.Release|Mixed Platforms.ActiveCfg = Release|Win32
		{82D71A61-9189-428A-8A3E-3E31D3B5D33D}.Release|Mixed Platforms.Build.0 = Release|Win32
		{82D71A61-9189-428A-8A3E-3E31D3B5D33D}.Release|Win32.ActiveCfg = Release|Win32
		{82D71A61-9189-428A-8A3E-3E31D3B5D33D}.Release|Win32.Build.0 = Release|Win32
		{F608E62D-B421-4C94-A002-972BC75B5627}.Debug|Any CPU.ActiveCfg = Debug|Win32
		{F608E62D-B421-4C94-A002-972BC75B5627}.Debug|Mixed Platforms.ActiveCfg = Debug|Win32
		{F608E62D-B421-4C94-A002-972BC75B5627}.Debug|Mixed Platforms.Build.0 = Debug|Win32
		{F608E62D-B421-4C94-A002-972BC75B5627}.Debug|Win32.ActiveCfg = Debug|Win32
		{F608E62D-B421-4C94-A002-972BC75B5627}.Debug|Win32.Build.0 = Debug|Win32
		{F608E62D-B421-4C94-A002-972BC75B5627}.Release|Any CPU.ActiveCfg = Release|Win32
		{F608E62D-B421-4C94-A002-972BC75B5627}.Release|Mixed Platforms.ActiveCfg = Release|Win32
		{F608E62D-B421-4C94-A002-972BC75B5627}.Release|Mixed Platforms.Build.0 = Release|Win32
		{F608E62D-B421-4C94-A002-972BC75B5627}.Release|Win32.ActiveCfg = Release|Win32
		{F608E62D-B421-4C94-A002-972BC75B5627}.Release|Win32.Build.0 = Release|Win32
		{17193E46-3EF1-412A-98CA-5DF02D17BEA8}.Debug|Any CPU.ActiveCfg = Debug|Win32
		{17193E46-3EF1-412A-98CA-5DF02D17BEA8}.Debug|Mixed Platforms.ActiveCfg = Debug|Win32
		{17193E46-3EF1-412A-98CA-5DF02D17BEA8}.Debug|Mixed Platforms.Build.0 = Debug|Win32
		{17193E46-3EF1-412A-98CA-5DF02D17BEA8}.Debug|Win32.ActiveCfg = Debug|Win32
		{17193E46-3EF1-412A-98CA-5DF02D17BEA8}.Debug|Win32.Build.0 = Debug|Win32
		{17193E46-3EF1-412A-98CA-5DF02D17BEA8}.Release|Any CPU.ActiveCfg = Release|Win32
		{17193E46-3EF1-412A-98CA-5DF02D17BEA8}.Release|Mixed Platforms.ActiveCfg = Release|Win32
		{17193E46-3EF1-412A-98CA-5DF02D17BEA8}.Release|Mixed Platforms.Build.0 = Release|Win32
		{17193E46-3EF1-412A-98CA-5DF02D17BEA8}.Release|Win32.ActiveCfg = Release|Win32
		{17193E46-3EF1-412A-98CA-5DF02D17BEA8}.Release|Win32.Build.0 = Release|Win32
		{1A43EF14-760B-42CA-87CC-03C564130AF6}.Debug|Any CPU.ActiveCfg = Debug|Win32
		{1A43EF14-760B-42CA-87CC-03C564130AF6}.Debug|Mixed Platforms.ActiveCfg = Debug|Win32
		{1A43EF14-760B-42CA-87CC-03C564130AF6}.Debug|Mixed Platforms.Build.0 = Debug|Win32
		{1A43EF14-760B-42CA-87CC-03C564130AF6}.Debug|Win32.ActiveCfg = Debug|Win32
		{1A43EF14-760B-42CA-87CC-03C564130AF6}.Debug|Win32.Build.0 = Debug|Win32
		{1A43EF14-760B-42CA-87CC-03C564130AF6}.Release|Any CPU.ActiveCfg = Release|Win32
		{1A43EF14-760B-42CA-87CC-03C564130AF6}.Release|Mixed Platforms.ActiveCfg = Release|Win32
		{1A43EF14-760B-42CA-87CC-03C564130AF6}.Release|Mixed Platforms.Build.0 = Release|Win32
		{1A43EF14-760B-42CA-87CC-03C564130AF6}.Release|Win32.ActiveCfg = Release|Win32
		{1A43EF14-760B-42CA-87CC-03C564130AF6}.Release|Win32.Build.0 = Release|Win32
		{BB190BDA-119A-4FDD-B095-6298D06CE14F}.Debug|Any CPU.ActiveCfg = Debug|Win32
		{BB190BDA-119A-4FDD-B095-6298D06CE14F}.Debug|Mixed Platforms.ActiveCfg = Debug|Win32
		{BB190BDA-119A-4FDD-B095-6298D06CE14F}.Debug|Mixed Platforms.Build.0 = Debug|Win32
		{BB190BDA-119A-4FDD-B095-6298D06CE14F}.Debug|Win32.ActiveCfg = Debug|Win32
		{BB190BDA-119A-4FDD-B095-6298D06CE14F}.Debug|Win32.Build.0 = Debug|Win32
		{BB190BDA-119A-4FDD-B095-6298D06CE14F}.Release|Any CPU.ActiveCfg = Release|Win32
		{BB190BDA-119A-4FDD-B095-6298D06CE14F}.Release|Mixed Platforms.ActiveCfg = Release|Win32
		{BB190BDA-119A-4FDD-B095-6298D06CE14F}.Release|Mixed Platforms.Build.0 = Release|Win32
		{BB190BDA-119A-4FDD-B095-6298D06CE14F}.Release|Win32.ActiveCfg = Release|Win32
		{BB190BDA-119A-4FDD-B095-6298D06CE14F}.Release|Win32.Build.0 = Release|Win32
		{8AE9829E-8021-4969-AD18-219CDB558CFA}.Debug|Any CPU.ActiveCfg = Debug|Win32
		{8AE9829E-8021-4969-AD18-219CDB558CFA}.Debug|Mixed Platforms.ActiveCfg = Debug|Win32
		{8AE9829E-8021-4969-AD18-219CDB558CFA}.Debug|Mixed Platforms.Build.0 = Debug|Win32
		{8AE9829E-8021-4969-AD18-219CDB558CFA}.Debug|Win32.ActiveCfg = Debug|Win32
		{8AE9829E-8021-4969-AD18-219CDB558CFA}.Debug|Win32.Build.0 = Debug|Win32
		{8AE9829E-8021-4969-AD18-219CDB558CFA}.Release|Any CPU.ActiveCfg = Release|Win32
		{8AE9829E-8021-4969-AD18-219CDB558CFA}.Release|Mixed Platforms.ActiveCfg = Release|Win32
		{8AE9829E-8021-4969-AD18-219CDB558CFA}.Release|Mixed Platforms.Build.0 = Release|Win32
		{8AE9829E-8021-4969-AD18-219CDB558CFA}.Release|Win32.ActiveCfg = Release|Win32
		{8AE9829E-8021-4969-AD18-219CDB558CFA}.Release|Win32.Build.0 = Release|Win32
		{F269D34D-234E-4ABA-B69C-DA77599E2797}.Debug|Any CPU.ActiveCfg = Debug|Win32
		{F269D34D-234E-4ABA-B69C-DA77599E2797}.Debug|Mixed Platforms.ActiveCfg = Debug|Win32
		{F269D34D-234E-4ABA-B69C-DA77599E2797}.Debug|Mixed Platforms.Build.0 = Debug|Win32
		{F269D34D-234E-4ABA-B69C-DA77599E2797}.Debug|Win32.ActiveCfg = Debug|Win32
		{F269D34D-234E-4ABA-B69C-DA77599E2797}.Debug|Win32.Build.0 = Debug|Win32
		{F269D34D-234E-4ABA-B69C-DA77599E2797}.Release|Any CPU.ActiveCfg = Release|Win32
		{F269D34D-234E-4ABA-B69C-DA77599E2797}.Release|Mixed Platforms.ActiveCfg = Release|Win32
		{F269D34D-234E-4ABA-B69C-DA77599E2797}.Release|Mixed Platforms.Build.0 = Release|Win32
		{F269D34D-234E-4ABA-B69C-DA77599E2797}.Release|Win32.ActiveCfg = Release|Win32
		{F269D34D-234E-4ABA-B69C-DA77599E2797}.Release|Win32.Build.0 = Release|Win32
		{D84C553F-BC8D-45FF-B55F-56604D3F26E1}.Debug|Any CPU.ActiveCfg = Debug|Win32
		{D84C553F-BC8D-45FF-B55F-56604D3F26E1}.Debug|Mixed Platforms.ActiveCfg = Debug|Win32
		{D84C553F-BC8D-45FF-B55F-56604D3F26E1}.Debug|Mixed Platforms.Build.0 = Debug|Win32
		{D84C553F-BC8D-45FF-B55F-56604D3F26E1}.Debug|Win32.ActiveCfg = Debug|Win32
		{D84C553F-BC8D-45FF-B55F-56604D3F26E1}.Debug|Win32.Build.0 = Debug|Win32
		{D84C553F-BC8D-45FF-B55F-56604D3F26E1}.Release|Any CPU.ActiveCfg = Release|Win32
		{D84C553F-BC8D-45FF-B55F-56604D3F26E1}.Release|Mixed Platforms.ActiveCfg = Release|Win32
		{D84C553F-BC8D-45FF-B55F-56604D3F26E1}.Release|Mixed Platforms.Build.0 = Release|Win32
		{D84C553F-BC8D-45FF-B55F-56604D3F26E1}.Release|Win32.ActiveCfg = Release|Win32
		{D84C553F-BC8D-45FF-B55F-56604D3F26E1}.Release|Win32.Build.0 = Release|Win32
		{C47BAF79-39B8-4AFA-9E53-EB501626A996}.Debug|Any CPU.ActiveCfg = Debug|Win32
		{C47BAF79-39B8-4AFA-9E53-EB501626A996}.Debug|Mixed Platforms.ActiveCfg = Debug|Win32
		{C47BAF79-39B8-4AFA-9E53-EB501626A996}.Debug|Mixed Platforms.Build.0 = Debug|Win32
		{C47BAF79-39B8-4AFA-9E53-EB501626A996}.Debug|Win32.ActiveCfg = Debug|Win32
		{C47BAF79-39B8-4AFA-9E53-EB501626A996}.Debug|Win32.Build.0 = Debug|Win32
		{C47BAF79-39B8-4AFA-9E53-EB501626A996}.Release|Any CPU.ActiveCfg = Release|Win32
		{C47BAF79-39B8-4AFA-9E53-EB501626A996}.Release|Mixed Platforms.ActiveCfg = Release|Win32
		{C47BAF79-39B8-4AFA-9E53-EB501626A996}.Release|Mixed Platforms.Build.0 = Release|Win32
		{C47BAF79-39B8-4AFA-9E53-EB501626A996}.Release|Win32.ActiveCfg = Release|Win32
		{C47BAF79-39B8-4AFA-9E53-EB501626A996}.Release|Win32.Build.0 = Release|Win32
		{9ED46309-918B-4715-AE3E-05C733456E8B}.Debug|Any CPU.ActiveCfg = Debug|Win32
		{9ED46309-918B-4715-AE3E-05C733456E8B}.Debug|Mixed Platforms.ActiveCfg = Debug|Win32
		{9ED46309-918B-4715-AE3E-05C733456E8B}.Debug|Mixed Platforms.Build.0 = Debug|Win32
		{9ED46309-918B-4715-AE3E-05C733456E8B}.Debug|Win32.ActiveCfg = Debug|Win32
		{9ED46309-918B-4715-AE3E-05C733456E8B}.Debug|Win32.Build.0 = Debug|Win32
		{9ED46309-918B-4715-AE3E-05C733456E8B}.Release|Any CPU.ActiveCfg = Release|Win32
		{9ED46309-918B-4715-AE3E-05C733456E8B}.Release|Mixed Platforms.ActiveCfg = Release|Win32
		{9ED46309-918B-4715-AE3E-05C733456E8B}.Release|Mixed Platforms.Build.0 = Release|Win32
		{9ED46309-918B-4715-AE3E-05C733456E8B}.Release|Win32.ActiveCfg = Release|Win32
		{9ED46309-918B-4715-AE3E-05C733456E8B}.Release|Win32.Build.0 = Release|Win32
		{E8971169-0AD1-4DB3-BB29-1AC2119D4526}.Debug|Any CPU.ActiveCfg = Debug|Win32
		{E8971169-0AD1-4DB3-BB29-1AC2119D4526}.Debug|Mixed Platforms.ActiveCfg = Debug|Win32
		{E8971169-0AD1-4DB3-BB29-1AC2119D4526}.Debug|Mixed Platforms.Build.0 = Debug|Win32
		{E8971169-0AD1-4DB3-BB29-1AC2119D4526}.Debug|Win32.ActiveCfg = Debug|Win32
		{E8971169-0AD1-4DB3-BB29-1AC2119D4526}.Debug|Win32.Build.0 = Debug|Win32
		{E8971169-0AD1-4DB3-BB29-1AC2119D4526}.Release|Any CPU.ActiveCfg = Release|Win32
		{E8971169-0AD1-4DB3-BB29-1AC2119D4526}.Release|Mixed Platforms.ActiveCfg = Release|Win32
		{E8971169-0AD1-4DB3-BB29-1AC2119D4526}.Release|Mixed Platforms.Build.0 = Release|Win32
		{E8971169-0AD1-4DB3-BB29-1AC2119D4526}.Release|Win32.ActiveCfg = Release|Win32
		{E8971169-0AD1-4DB3-BB29-1AC2119D4526}.Release|Win32.Build.0 = Release|Win32
		{4B3C0D5E-3C9E-4EDF-8F86-5F93B37A3957}.Debug|Any CPU.ActiveCfg = Debug|Win32
		{4B3C0D5E-3C9E-4EDF-8F86-5F93B37A3957}.Debug|Mixed Platforms.ActiveCfg = Debug|Win32
		{4B3C0D5E-3C9E-4EDF-8F86-5F93B37A3957}.Debug|Mixed Platforms.Build.0 = Debug|Win32
		{4B3C0D5E-3C9E-4EDF-8F86-5F93B37A3957}.Debug|Win32.ActiveCfg = Debug|Win32
		{4B3C0D5E-3C9E-4EDF-8F86-5F93B37A3957}.Debug|Win32.Build.0 = Debug|Win32
		{4B3C0D5E-3C9E-4EDF-8F86-5F93B37A3957}.Release|Any CPU.ActiveCfg = Release|Win32
		{4B3C0D5E-3C9E-4EDF-8F86-5F93B37A3957}.Release|Mixed Platforms.ActiveCfg = Release|Win32
		{4B3C0D5E-3C9E-4EDF-8F86-5F93B37A3957}.Release|Mixed Platforms.Build.0 = Release|Win32
		{4B3C0D5E-3C9E-4EDF-8F86-5F93B37A3957}.Release|Win32.ActiveCfg = Release|Win32
		{4B3C0D5E-3C9E-4EDF-8F86-5F93B37A3957}.Release|Win32.Build.0 = Release|Win32
	EndGlobalSection
	GlobalSection(SolutionProperties) = preSolution
		HideSolutionNode = FALSE
	EndGlobalSection
	GlobalSection(NestedProjects) = preSolution
		{6496CEF0-FB9E-478D-87AE-7B096C66B40A} = {1B93C6E4-C4A9-4415-BD4E-2C15F2DBEF74}
		{4E7DA873-CA30-45B1-9B3F-755ACCF41A9A} = {1B93C6E4-C4A9-4415-BD4E-2C15F2DBEF74}
		{043D43C6-E0C4-4368-B3F2-3F0568EBABE6} = {1B93C6E4-C4A9-4415-BD4E-2C15F2DBEF74}
		{F45BE7EF-78FA-4BB7-90B7-6EEC2F7339AC} = {1B93C6E4-C4A9-4415-BD4E-2C15F2DBEF74}
		{E69B30BB-5AC9-4DB4-BCED-A0759CFD756E} = {1B93C6E4-C4A9-4415-BD4E-2C15F2DBEF74}
		{8DB19432-832B-4B62-A284-4844E1E3CCF7} = {1B93C6E4-C4A9-4415-BD4E-2C15F2DBEF74}
		{D5641875-3A64-4A46-AABC-8496F4E3E8E6} = {1B93C6E4-C4A9-4415-BD4E-2C15F2DBEF74}
		{858B1892-9FEE-47CF-B32C-67D6003D724E} = {1B93C6E4-C4A9-4415-BD4E-2C15F2DBEF74}
		{CDA2C2C3-C07D-4614-95E7-6C7F71E2ACEA} = {1B93C6E4-C4A9-4415-BD4E-2C15F2DBEF74}
		{C6F192DC-07BF-4F25-8DF7-7E417B2577AE} = {1B93C6E4-C4A9-4415-BD4E-2C15F2DBEF74}
		{66ACA9D8-30EA-42BF-8498-74C7F3E072BB} = {1B93C6E4-C4A9-4415-BD4E-2C15F2DBEF74}
		{1EDDC1E4-837C-4B20-A933-2340EC8D8006} = {1B93C6E4-C4A9-4415-BD4E-2C15F2DBEF74}
		{31EE9060-4A4B-4DC2-8498-06280B328300} = {1B93C6E4-C4A9-4415-BD4E-2C15F2DBEF74}
		{DFECD51E-3559-4769-90F5-5FC1ED255D90} = {1B93C6E4-C4A9-4415-BD4E-2C15F2DBEF74}
		{63CB08E6-1CBA-4789-A5CA-A27744F8EC45} = {1B93C6E4-C4A9-4415-BD4E-2C15F2DBEF74}
		{E153B0A5-DF77-4BBF-BC87-0112B2F7AC4A} = {1B93C6E4-C4A9-4415-BD4E-2C15F2DBEF74}
		{29593762-BDCD-40C1-8A85-75011E23134B} = {1B93C6E4-C4A9-4415-BD4E-2C15F2DBEF74}
		{B4870FDC-0BC5-40AD-9C2E-19B25AE27D2B} = {1B93C6E4-C4A9-4415-BD4E-2C15F2DBEF74}
		{84319E4C-4321-4198-8C47-72F025C53408} = {1B93C6E4-C4A9-4415-BD4E-2C15F2DBEF74}
		{25920A35-89AC-4198-AD85-D93E84D21D91} = {1B93C6E4-C4A9-4415-BD4E-2C15F2DBEF74}
		{BEDD1D35-F6C6-4A91-A6A3-9F18F5FCD96E} = {1B93C6E4-C4A9-4415-BD4E-2C15F2DBEF74}
		{BC0D2F88-B807-4408-9852-CCD0F7555C17} = {1B93C6E4-C4A9-4415-BD4E-2C15F2DBEF74}
		{82D71A61-9189-428A-8A3E-3E31D3B5D33D} = {1B93C6E4-C4A9-4415-BD4E-2C15F2DBEF74}
		{F608E62D-B421-4C94-A002-972BC75B5627} = {1B93C6E4-C4A9-4415-BD4E-2C15F2DBEF74}
		{17193E46-3EF1-412A-98CA-5DF02D17BEA8} = {1B93C6E4-C4A9-4415-BD4E-2C15F2DBEF74}
		{1A43EF14-760B-42CA-87CC-03C564130AF6} = {1B93C6E4-C4A9-4415-BD4E-2C15F2DBEF74}
		{BB190BDA-119A-4FDD-B095-6298D06CE14F} = {1B93C6E4-C4A9-4415-BD4E-2C15F2DBEF74}
		{8AE9829E-8021-4969-AD18-219CDB558CFA} = {1B93C6E4-C4A9-4415-BD4E-2C15F2DBEF74}
		{B4CD3D28-4C7E-4C62-B751-242D76E8BECE} = {1B93C6E4-C4A9-4415-BD4E-2C15F2DBEF74}
		{D84C553F-BC8D-45FF-B55F-56604D3F26E1} = {1B93C6E4-C4A9-4415-BD4E-2C15F2DBEF74}
		{C47BAF79-39B8-4AFA-9E53-EB501626A996} = {1B93C6E4-C4A9-4415-BD4E-2C15F2DBEF74}
		{9ED46309-918B-4715-AE3E-05C733456E8B} = {1B93C6E4-C4A9-4415-BD4E-2C15F2DBEF74}
		{E8971169-0AD1-4DB3-BB29-1AC2119D4526} = {1B93C6E4-C4A9-4415-BD4E-2C15F2DBEF74}
		{4B3C0D5E-3C9E-4EDF-8F86-5F93B37A3957} = {1B93C6E4-C4A9-4415-BD4E-2C15F2DBEF74}
		{F269D34D-234E-4ABA-B69C-DA77599E2797} = {F3458251-F22C-4547-8218-3F5885755FD3}
	EndGlobalSection
EndGlobal
